
Microsoft Visual Studio Solution File, Format Version 12.00
# Visual Studio 15
VisualStudioVersion = 15.0.28307.757
MinimumVisualStudioVersion = 10.0.40219.1
Project("{8BC9CEB8-8B4A-11D0-8D11-00A0C91BC942}") = "MFCApplication1", "MFCApplication1\MFCApplication1.vcxproj", "{223DA414-D23E-420E-AA32-6119AE596E28}"
EndProject
Global
	GlobalSection(SolutionConfigurationPlatforms) = preSolution
		Debug|x64 = Debug|x64
		Debug|x86 = Debug|x86
		Release|x64 = Release|x64
		Release|x86 = Release|x86
	EndGlobalSection
	GlobalSection(ProjectConfigurationPlatforms) = postSolution
		{223DA414-D23E-420E-AA32-6119AE596E28}.Debug|x64.ActiveCfg = Debug|x64
		{223DA414-D23E-420E-AA32-6119AE596E28}.Debug|x64.Build.0 = Debug|x64
		{223DA414-D23E-420E-AA32-6119AE596E28}.Debug|x86.ActiveCfg = Debug|Win32
		{223DA414-D23E-420E-AA32-6119AE596E28}.Debug|x86.Build.0 = Debug|Win32
		{223DA414-D23E-420E-AA32-6119AE596E28}.Release|x64.ActiveCfg = Release|x64
		{223DA414-D23E-420E-AA32-6119AE596E28}.Release|x64.Build.0 = Release|x64
		{223DA414-D23E-420E-AA32-6119AE596E28}.Release|x86.ActiveCfg = Release|Win32
		{223DA414-D23E-420E-AA32-6119AE596E28}.Release|x86.Build.0 = Release|Win32
	EndGlobalSection
	GlobalSection(SolutionProperties) = preSolution
		HideSolutionNode = FALSE
	EndGlobalSection
	GlobalSection(ExtensibilityGlobals) = postSolution
		SolutionGuid = {675F0275-A487-47F7-85B8-8D18159C4210}
	EndGlobalSection
EndGlobal
